
Microsoft Visual Studio Solution File, Format Version 12.00
# Visual Studio Version 17
VisualStudioVersion = 17.5.33414.496
MinimumVisualStudioVersion = 10.0.40219.1
Project("{FAE04EC0-301F-11D3-BF4B-00C04F79EFBC}") = "DatabaseTest.Console", "DatabaseTest.Console\DatabaseTest.Console.csproj", "{F427AD81-CEA6-4EFF-B5CD-D16AF513327E}"
EndProject
Project("{FAE04EC0-301F-11D3-BF4B-00C04F79EFBC}") = "DatabaseTest.Database", "DatabaseTest.Database\DatabaseTest.Database.csproj", "{271A376B-754F-44A0-8B99-D56D7857BAA1}"
EndProject
Project("{FAE04EC0-301F-11D3-BF4B-00C04F79EFBC}") = "DatabaseTest.Services", "DatabaseTest.Services\DatabaseTest.Services.csproj", "{D4D1A5AD-1CB0-4217-8EA1-6A279BD36D52}"
EndProject
Global
	GlobalSection(SolutionConfigurationPlatforms) = preSolution
		Debug|Any CPU = Debug|Any CPU
		Release|Any CPU = Release|Any CPU
	EndGlobalSection
	GlobalSection(ProjectConfigurationPlatforms) = postSolution
		{F427AD81-CEA6-4EFF-B5CD-D16AF513327E}.Debug|Any CPU.ActiveCfg = Debug|Any CPU
		{F427AD81-CEA6-4EFF-B5CD-D16AF513327E}.Debug|Any CPU.Build.0 = Debug|Any CPU
		{F427AD81-CEA6-4EFF-B5CD-D16AF513327E}.Release|Any CPU.ActiveCfg = Release|Any CPU
		{F427AD81-CEA6-4EFF-B5CD-D16AF513327E}.Release|Any CPU.Build.0 = Release|Any CPU
		{271A376B-754F-44A0-8B99-D56D7857BAA1}.Debug|Any CPU.ActiveCfg = Debug|Any CPU
		{271A376B-754F-44A0-8B99-D56D7857BAA1}.Debug|Any CPU.Build.0 = Debug|Any CPU
		{271A376B-754F-44A0-8B99-D56D7857BAA1}.Release|Any CPU.ActiveCfg = Release|Any CPU
		{271A376B-754F-44A0-8B99-D56D7857BAA1}.Release|Any CPU.Build.0 = Release|Any CPU
		{D4D1A5AD-1CB0-4217-8EA1-6A279BD36D52}.Debug|Any CPU.ActiveCfg = Debug|Any CPU
		{D4D1A5AD-1CB0-4217-8EA1-6A279BD36D52}.Debug|Any CPU.Build.0 = Debug|Any CPU
		{D4D1A5AD-1CB0-4217-8EA1-6A279BD36D52}.Release|Any CPU.ActiveCfg = Release|Any CPU
		{D4D1A5AD-1CB0-4217-8EA1-6A279BD36D52}.Release|Any CPU.Build.0 = Release|Any CPU
	EndGlobalSection
	GlobalSection(SolutionProperties) = preSolution
		HideSolutionNode = FALSE
	EndGlobalSection
	GlobalSection(ExtensibilityGlobals) = postSolution
		SolutionGuid = {A8B74412-5201-4DDB-9820-044D2BDAD526}
	EndGlobalSection
EndGlobal
